
Microsoft Visual Studio Solution File, Format Version 12.00
# Visual Studio Version 16
VisualStudioVersion = 16.0.31624.102
MinimumVisualStudioVersion = 10.0.40219.1
Project("{FAE04EC0-301F-11D3-BF4B-00C04F79EFBC}") = "OlimpiadaAPI", "OlimpiadaAPI\OlimpiadaAPI.csproj", "{69325D15-0269-4E82-A119-FEA0DB160CEE}"
EndProject
Project("{E53339B2-1760-4266-BCC7-CA923CBCF16C}") = "docker-compose", "docker-compose.dcproj", "{EF4C783F-A486-46CA-BE94-DD6CD4B0BF93}"
EndProject
Global
	GlobalSection(SolutionConfigurationPlatforms) = preSolution
		Debug|Any CPU = Debug|Any CPU
		Release|Any CPU = Release|Any CPU
	EndGlobalSection
	GlobalSection(ProjectConfigurationPlatforms) = postSolution
		{69325D15-0269-4E82-A119-FEA0DB160CEE}.Debug|Any CPU.ActiveCfg = Debug|Any CPU
		{69325D15-0269-4E82-A119-FEA0DB160CEE}.Debug|Any CPU.Build.0 = Debug|Any CPU
		{69325D15-0269-4E82-A119-FEA0DB160CEE}.Release|Any CPU.ActiveCfg = Release|Any CPU
		{69325D15-0269-4E82-A119-FEA0DB160CEE}.Release|Any CPU.Build.0 = Release|Any CPU
		{EF4C783F-A486-46CA-BE94-DD6CD4B0BF93}.Debug|Any CPU.ActiveCfg = Debug|Any CPU
		{EF4C783F-A486-46CA-BE94-DD6CD4B0BF93}.Debug|Any CPU.Build.0 = Debug|Any CPU
		{EF4C783F-A486-46CA-BE94-DD6CD4B0BF93}.Release|Any CPU.ActiveCfg = Release|Any CPU
		{EF4C783F-A486-46CA-BE94-DD6CD4B0BF93}.Release|Any CPU.Build.0 = Release|Any CPU
	EndGlobalSection
	GlobalSection(SolutionProperties) = preSolution
		HideSolutionNode = FALSE
	EndGlobalSection
	GlobalSection(ExtensibilityGlobals) = postSolution
		SolutionGuid = {C96A85A1-6EC6-4C7F-8A64-50D8DC67B07A}
	EndGlobalSection
EndGlobal
